
Microsoft Visual Studio Solution File, Format Version 12.00
# Visual Studio Version 16
VisualStudioVersion = 16.0.29509.3
MinimumVisualStudioVersion = 10.0.40219.1
Project("{FAE04EC0-301F-11D3-BF4B-00C04F79EFBC}") = "ContosoUniversity", "ContosoUniversity.csproj", "{16332866-6D0B-46D9-B97F-7B84C100C72A}"
EndProject
Global
	GlobalSection(SolutionConfigurationPlatforms) = preSolution
		Debug|Any CPU = Debug|Any CPU
		Release|Any CPU = Release|Any CPU
	EndGlobalSection
	GlobalSection(ProjectConfigurationPlatforms) = postSolution
		{16332866-6D0B-46D9-B97F-7B84C100C72A}.Debug|Any CPU.ActiveCfg = Debug|Any CPU
		{16332866-6D0B-46D9-B97F-7B84C100C72A}.Debug|Any CPU.Build.0 = Debug|Any CPU
		{16332866-6D0B-46D9-B97F-7B84C100C72A}.Release|Any CPU.ActiveCfg = Release|Any CPU
		{16332866-6D0B-46D9-B97F-7B84C100C72A}.Release|Any CPU.Build.0 = Release|Any CPU
	EndGlobalSection
	GlobalSection(SolutionProperties) = preSolution
		HideSolutionNode = FALSE
	EndGlobalSection
	GlobalSection(ExtensibilityGlobals) = postSolution
		SolutionGuid = {5281ADA1-BD9D-455B-9378-3D93AECC52C4}
	EndGlobalSection
EndGlobal
